# This file is autogenerated, do not edit; changes may be undone by the next 'dep ensure'.


[[projects]]
  branch = "master"
  name = "github.com/jason0x43/go-toggl"
  packages = ["."]
  revision = "43dca077f8d8eb3e54540c184b02a422600f3139"

[solve-meta]
  analyzer-name = "dep"
  analyzer-version = 1
  inputs-digest = "911f9c1ccc1b72a41328f431dbe154fa47e2f672f16592c1531a3dca10ce62ba"
  solver-name = "gps-cdcl"
  solver-version = 1
