# This file is autogenerated, do not edit; changes may be undone by the next 'dep ensure'.


[[projects]]
  name = "github.com/go-yaml/yaml"
  packages = ["."]
  revision = "5420a8b6744d3b0345ab293f6fcba19c978f1183"
  version = "v2.2.1"

[[projects]]
  branch = "master"
  name = "github.com/jason0x43/go-toggl"
  packages = ["."]
  revision = "43dca077f8d8eb3e54540c184b02a422600f3139"

[solve-meta]
  analyzer-name = "dep"
  analyzer-version = 1
  inputs-digest = "0b28c8ba18b198c1ad9b1da4a39610d341d27fbb3bc36db66e4cc8ee139a593e"
  solver-name = "gps-cdcl"
  solver-version = 1
